{
  "version": 4,
  "terraform_version": "1.5.3",
  "serial": 13,
  "lineage": "40c13d78-ca2d-442c-52c4-317d2013be95",
  "outputs": {},
  "resources": [
    {
      "mode": "managed",
      "type": "github_repository",
      "name": "terr_repo",
      "provider": "provider[\"registry.terraform.io/hashicorp/github\"]",
      "instances": [
        {
          "schema_version": 1,
          "attributes": {
            "allow_auto_merge": false,
            "allow_merge_commit": true,
            "allow_rebase_merge": true,
            "allow_squash_merge": true,
            "allow_update_branch": false,
            "archive_on_destroy": null,
            "archived": false,
            "auto_init": true,
            "default_branch": "main",
            "delete_branch_on_merge": false,
            "description": "This is test repository created from terraform",
            "etag": "W/\"5ce2b836a6ec7e45d527b14540f5a158d2f994aa5af3eb1956a6a306ca19a1f4\"",
            "full_name": "sanu151/test_repo_from_terraform",
            "git_clone_url": "git://github.com/sanu151/test_repo_from_terraform.git",
            "gitignore_template": null,
            "has_discussions": false,
            "has_downloads": false,
            "has_issues": false,
            "has_projects": false,
            "has_wiki": false,
            "homepage_url": "",
            "html_url": "https://github.com/sanu151/test_repo_from_terraform",
            "http_clone_url": "https://github.com/sanu151/test_repo_from_terraform.git",
            "id": "test_repo_from_terraform",
            "ignore_vulnerability_alerts_during_read": null,
            "is_template": false,
            "license_template": null,
            "merge_commit_message": "PR_TITLE",
            "merge_commit_title": "MERGE_MESSAGE",
            "name": "test_repo_from_terraform",
            "node_id": "R_kgDOKJSZvw",
            "pages": [],
            "private": false,
            "repo_id": 680827327,
            "security_and_analysis": [
              {
                "advanced_security": [],
                "secret_scanning": [
                  {
                    "status": "disabled"
                  }
                ],
                "secret_scanning_push_protection": [
                  {
                    "status": "disabled"
                  }
                ]
              }
            ],
            "squash_merge_commit_message": "COMMIT_MESSAGES",
            "squash_merge_commit_title": "COMMIT_OR_PR_TITLE",
            "ssh_clone_url": "git@github.com:sanu151/test_repo_from_terraform.git",
            "svn_url": "https://github.com/sanu151/test_repo_from_terraform",
            "template": [],
            "topics": null,
            "visibility": "public",
            "vulnerability_alerts": false
          },
          "sensitive_attributes": [],
          "private": "eyJzY2hlbWFfdmVyc2lvbiI6IjEifQ=="
        }
      ]
    }
  ],
  "check_results": null
}
